
Microsoft Visual Studio Solution File, Format Version 12.00
# Visual Studio 14
VisualStudioVersion = 14.0.25420.1
MinimumVisualStudioVersion = 10.0.40219.1
Project("{FAE04EC0-301F-11D3-BF4B-00C04F79EFBC}") = "PiSearchApi", "PiSearchApi\PiSearchApi.csproj", "{7CC85097-2D3A-45FB-800F-2CCF562FBD95}"
EndProject
Project("{FAE04EC0-301F-11D3-BF4B-00C04F79EFBC}") = "PiSearchApi.Tests", "PiSearchApi.Tests\PiSearchApi.Tests.csproj", "{39210359-B609-459D-8439-FB705C3F52CA}"
EndProject
Project("{FAE04EC0-301F-11D3-BF4B-00C04F79EFBC}") = "PiSearchLib", "PiSearchLib\PiSearchLib.csproj", "{5464240B-AD80-471A-BA40-00222FE81226}"
EndProject
Global
	GlobalSection(SolutionConfigurationPlatforms) = preSolution
		Debug|Any CPU = Debug|Any CPU
		Release|Any CPU = Release|Any CPU
	EndGlobalSection
	GlobalSection(ProjectConfigurationPlatforms) = postSolution
		{7CC85097-2D3A-45FB-800F-2CCF562FBD95}.Debug|Any CPU.ActiveCfg = Debug|Any CPU
		{7CC85097-2D3A-45FB-800F-2CCF562FBD95}.Debug|Any CPU.Build.0 = Debug|Any CPU
		{7CC85097-2D3A-45FB-800F-2CCF562FBD95}.Release|Any CPU.ActiveCfg = Release|Any CPU
		{7CC85097-2D3A-45FB-800F-2CCF562FBD95}.Release|Any CPU.Build.0 = Release|Any CPU
		{39210359-B609-459D-8439-FB705C3F52CA}.Debug|Any CPU.ActiveCfg = Debug|Any CPU
		{39210359-B609-459D-8439-FB705C3F52CA}.Debug|Any CPU.Build.0 = Debug|Any CPU
		{39210359-B609-459D-8439-FB705C3F52CA}.Release|Any CPU.ActiveCfg = Release|Any CPU
		{39210359-B609-459D-8439-FB705C3F52CA}.Release|Any CPU.Build.0 = Release|Any CPU
		{5464240B-AD80-471A-BA40-00222FE81226}.Debug|Any CPU.ActiveCfg = Debug|Any CPU
		{5464240B-AD80-471A-BA40-00222FE81226}.Debug|Any CPU.Build.0 = Debug|Any CPU
		{5464240B-AD80-471A-BA40-00222FE81226}.Release|Any CPU.ActiveCfg = Release|Any CPU
		{5464240B-AD80-471A-BA40-00222FE81226}.Release|Any CPU.Build.0 = Release|Any CPU
	EndGlobalSection
	GlobalSection(SolutionProperties) = preSolution
		HideSolutionNode = FALSE
	EndGlobalSection
EndGlobal
